
Microsoft Visual Studio Solution File, Format Version 12.00
# Visual Studio Version 17
VisualStudioVersion = 17.3.32901.215
MinimumVisualStudioVersion = 10.0.40219.1
Project("{FAE04EC0-301F-11D3-BF4B-00C04F79EFBC}") = "taksite gore-847", "taksite gore-847\taksite gore-847.csproj", "{6D833009-64B6-4662-AD02-CBF1B83FB367}"
EndProject
Global
	GlobalSection(SolutionConfigurationPlatforms) = preSolution
		Debug|Any CPU = Debug|Any CPU
		Release|Any CPU = Release|Any CPU
	EndGlobalSection
	GlobalSection(ProjectConfigurationPlatforms) = postSolution
		{6D833009-64B6-4662-AD02-CBF1B83FB367}.Debug|Any CPU.ActiveCfg = Debug|Any CPU
		{6D833009-64B6-4662-AD02-CBF1B83FB367}.Debug|Any CPU.Build.0 = Debug|Any CPU
		{6D833009-64B6-4662-AD02-CBF1B83FB367}.Release|Any CPU.ActiveCfg = Release|Any CPU
		{6D833009-64B6-4662-AD02-CBF1B83FB367}.Release|Any CPU.Build.0 = Release|Any CPU
	EndGlobalSection
	GlobalSection(SolutionProperties) = preSolution
		HideSolutionNode = FALSE
	EndGlobalSection
	GlobalSection(ExtensibilityGlobals) = postSolution
		SolutionGuid = {E244935B-0D88-4712-86BC-604D6D2888DA}
	EndGlobalSection
EndGlobal
